
Microsoft Visual Studio Solution File, Format Version 12.00
# Visual Studio Version 17
VisualStudioVersion = 17.0.31903.59
MinimumVisualStudioVersion = 10.0.40219.1
Project("{FAE04EC0-301F-11D3-BF4B-00C04F79EFBC}") = "SharedKernel", "SharedKernel\SharedKernel.csproj", "{4609FDBB-5FE7-4F3F-955C-47245B2DAFF9}"
EndProject
Project("{2150E333-8FDC-42A3-9474-1A3956D46DE8}") = "VendomaticApi", "VendomaticApi", "{350A723B-CC7F-4DA4-90D1-166908E68855}"
EndProject
Project("{2150E333-8FDC-42A3-9474-1A3956D46DE8}") = "src", "src", "{AF6FDEB7-3ED9-42A5-ABF3-76375AAF52D7}"
EndProject
Project("{FAE04EC0-301F-11D3-BF4B-00C04F79EFBC}") = "VendomaticApi", "VendomaticApi\src\VendomaticApi\VendomaticApi.csproj", "{6E52EBB6-A783-4841-BAE7-6107AD92C3F5}"
EndProject
Project("{2150E333-8FDC-42A3-9474-1A3956D46DE8}") = "tests", "tests", "{B4AC4CA1-CB37-477F-B0FA-F0FC1E57AFAA}"
EndProject
Project("{FAE04EC0-301F-11D3-BF4B-00C04F79EFBC}") = "VendomaticApi.IntegrationTests", "VendomaticApi\tests\VendomaticApi.IntegrationTests\VendomaticApi.IntegrationTests.csproj", "{874B4D78-411F-4C17-95C5-0E319BEBFF51}"
EndProject
Project("{FAE04EC0-301F-11D3-BF4B-00C04F79EFBC}") = "VendomaticApi.FunctionalTests", "VendomaticApi\tests\VendomaticApi.FunctionalTests\VendomaticApi.FunctionalTests.csproj", "{FF7FAEA2-8020-4EC0-9716-B982828EB60B}"
EndProject
Project("{FAE04EC0-301F-11D3-BF4B-00C04F79EFBC}") = "VendomaticApi.SharedTestHelpers", "VendomaticApi\tests\VendomaticApi.SharedTestHelpers\VendomaticApi.SharedTestHelpers.csproj", "{FF80CD69-CC95-4DB5-BB57-480673CC32C2}"
EndProject
Project("{FAE04EC0-301F-11D3-BF4B-00C04F79EFBC}") = "VendomaticApi.UnitTests", "VendomaticApi\tests\VendomaticApi.UnitTests\VendomaticApi.UnitTests.csproj", "{0BEA14F3-57DE-43D5-9E2E-24632F7E6867}"
EndProject
Project("{FAE04EC0-301F-11D3-BF4B-00C04F79EFBC}") = "KeycloakPulumi", "KeycloakPulumi\KeycloakPulumi.csproj", "{369B5152-336C-4A64-8426-CC207B9CE671}"
EndProject
Global
	GlobalSection(SolutionConfigurationPlatforms) = preSolution
		Debug|Any CPU = Debug|Any CPU
		Release|Any CPU = Release|Any CPU
	EndGlobalSection
	GlobalSection(SolutionProperties) = preSolution
		HideSolutionNode = FALSE
	EndGlobalSection
	GlobalSection(ProjectConfigurationPlatforms) = postSolution
		{4609FDBB-5FE7-4F3F-955C-47245B2DAFF9}.Debug|Any CPU.ActiveCfg = Debug|Any CPU
		{4609FDBB-5FE7-4F3F-955C-47245B2DAFF9}.Debug|Any CPU.Build.0 = Debug|Any CPU
		{4609FDBB-5FE7-4F3F-955C-47245B2DAFF9}.Release|Any CPU.ActiveCfg = Release|Any CPU
		{4609FDBB-5FE7-4F3F-955C-47245B2DAFF9}.Release|Any CPU.Build.0 = Release|Any CPU
		{6E52EBB6-A783-4841-BAE7-6107AD92C3F5}.Debug|Any CPU.ActiveCfg = Debug|Any CPU
		{6E52EBB6-A783-4841-BAE7-6107AD92C3F5}.Debug|Any CPU.Build.0 = Debug|Any CPU
		{6E52EBB6-A783-4841-BAE7-6107AD92C3F5}.Release|Any CPU.ActiveCfg = Release|Any CPU
		{6E52EBB6-A783-4841-BAE7-6107AD92C3F5}.Release|Any CPU.Build.0 = Release|Any CPU
		{874B4D78-411F-4C17-95C5-0E319BEBFF51}.Debug|Any CPU.ActiveCfg = Debug|Any CPU
		{874B4D78-411F-4C17-95C5-0E319BEBFF51}.Debug|Any CPU.Build.0 = Debug|Any CPU
		{874B4D78-411F-4C17-95C5-0E319BEBFF51}.Release|Any CPU.ActiveCfg = Release|Any CPU
		{874B4D78-411F-4C17-95C5-0E319BEBFF51}.Release|Any CPU.Build.0 = Release|Any CPU
		{FF7FAEA2-8020-4EC0-9716-B982828EB60B}.Debug|Any CPU.ActiveCfg = Debug|Any CPU
		{FF7FAEA2-8020-4EC0-9716-B982828EB60B}.Debug|Any CPU.Build.0 = Debug|Any CPU
		{FF7FAEA2-8020-4EC0-9716-B982828EB60B}.Release|Any CPU.ActiveCfg = Release|Any CPU
		{FF7FAEA2-8020-4EC0-9716-B982828EB60B}.Release|Any CPU.Build.0 = Release|Any CPU
		{FF80CD69-CC95-4DB5-BB57-480673CC32C2}.Debug|Any CPU.ActiveCfg = Debug|Any CPU
		{FF80CD69-CC95-4DB5-BB57-480673CC32C2}.Debug|Any CPU.Build.0 = Debug|Any CPU
		{FF80CD69-CC95-4DB5-BB57-480673CC32C2}.Release|Any CPU.ActiveCfg = Release|Any CPU
		{FF80CD69-CC95-4DB5-BB57-480673CC32C2}.Release|Any CPU.Build.0 = Release|Any CPU
		{0BEA14F3-57DE-43D5-9E2E-24632F7E6867}.Debug|Any CPU.ActiveCfg = Debug|Any CPU
		{0BEA14F3-57DE-43D5-9E2E-24632F7E6867}.Debug|Any CPU.Build.0 = Debug|Any CPU
		{0BEA14F3-57DE-43D5-9E2E-24632F7E6867}.Release|Any CPU.ActiveCfg = Release|Any CPU
		{0BEA14F3-57DE-43D5-9E2E-24632F7E6867}.Release|Any CPU.Build.0 = Release|Any CPU
		{369B5152-336C-4A64-8426-CC207B9CE671}.Debug|Any CPU.ActiveCfg = Debug|Any CPU
		{369B5152-336C-4A64-8426-CC207B9CE671}.Debug|Any CPU.Build.0 = Debug|Any CPU
		{369B5152-336C-4A64-8426-CC207B9CE671}.Release|Any CPU.ActiveCfg = Release|Any CPU
		{369B5152-336C-4A64-8426-CC207B9CE671}.Release|Any CPU.Build.0 = Release|Any CPU
	EndGlobalSection
	GlobalSection(NestedProjects) = preSolution
		{AF6FDEB7-3ED9-42A5-ABF3-76375AAF52D7} = {350A723B-CC7F-4DA4-90D1-166908E68855}
		{6E52EBB6-A783-4841-BAE7-6107AD92C3F5} = {AF6FDEB7-3ED9-42A5-ABF3-76375AAF52D7}
		{B4AC4CA1-CB37-477F-B0FA-F0FC1E57AFAA} = {350A723B-CC7F-4DA4-90D1-166908E68855}
		{874B4D78-411F-4C17-95C5-0E319BEBFF51} = {B4AC4CA1-CB37-477F-B0FA-F0FC1E57AFAA}
		{FF7FAEA2-8020-4EC0-9716-B982828EB60B} = {B4AC4CA1-CB37-477F-B0FA-F0FC1E57AFAA}
		{FF80CD69-CC95-4DB5-BB57-480673CC32C2} = {B4AC4CA1-CB37-477F-B0FA-F0FC1E57AFAA}
		{0BEA14F3-57DE-43D5-9E2E-24632F7E6867} = {B4AC4CA1-CB37-477F-B0FA-F0FC1E57AFAA}
	EndGlobalSection
EndGlobal
