
Microsoft Visual Studio Solution File, Format Version 12.00
# Visual Studio Version 17
VisualStudioVersion = 17.0.31903.59
MinimumVisualStudioVersion = 10.0.40219.1
Project("{FAE04EC0-301F-11D3-BF4B-00C04F79EFBC}") = "SharedKernel", "SharedKernel\SharedKernel.csproj", "{4531D21B-8C45-4580-92C1-E65F5685E046}"
EndProject
Project("{2150E333-8FDC-42A3-9474-1A3956D46DE8}") = "VendomaticApi", "VendomaticApi", "{A02A3CED-01B7-48D3-ACC3-A19411BEBC6D}"
EndProject
Project("{2150E333-8FDC-42A3-9474-1A3956D46DE8}") = "src", "src", "{C5017DCB-81FC-4217-9400-83D187AFBDB3}"
EndProject
Project("{FAE04EC0-301F-11D3-BF4B-00C04F79EFBC}") = "VendomaticApi", "VendomaticApi\src\VendomaticApi\VendomaticApi.csproj", "{A521E70F-4575-415A-AF38-CD08B32D7CAE}"
EndProject
Project("{2150E333-8FDC-42A3-9474-1A3956D46DE8}") = "tests", "tests", "{673AD598-6938-4FB3-B11D-BB455DB7FDF1}"
EndProject
Project("{FAE04EC0-301F-11D3-BF4B-00C04F79EFBC}") = "VendomaticApi.IntegrationTests", "VendomaticApi\tests\VendomaticApi.IntegrationTests\VendomaticApi.IntegrationTests.csproj", "{A0DC3892-F716-4AD9-9E4C-16056D850BE9}"
EndProject
Project("{FAE04EC0-301F-11D3-BF4B-00C04F79EFBC}") = "VendomaticApi.FunctionalTests", "VendomaticApi\tests\VendomaticApi.FunctionalTests\VendomaticApi.FunctionalTests.csproj", "{855E32D5-448E-4437-8102-4BAAEF6ED136}"
EndProject
Project("{FAE04EC0-301F-11D3-BF4B-00C04F79EFBC}") = "VendomaticApi.SharedTestHelpers", "VendomaticApi\tests\VendomaticApi.SharedTestHelpers\VendomaticApi.SharedTestHelpers.csproj", "{1EA43189-1DE9-45CD-AA69-7A3BD1D7CD39}"
EndProject
Project("{FAE04EC0-301F-11D3-BF4B-00C04F79EFBC}") = "VendomaticApi.UnitTests", "VendomaticApi\tests\VendomaticApi.UnitTests\VendomaticApi.UnitTests.csproj", "{58024F53-4AB7-4C3E-BBDF-13E9E13DD0A5}"
EndProject
Global
	GlobalSection(SolutionConfigurationPlatforms) = preSolution
		Debug|Any CPU = Debug|Any CPU
		Release|Any CPU = Release|Any CPU
	EndGlobalSection
	GlobalSection(SolutionProperties) = preSolution
		HideSolutionNode = FALSE
	EndGlobalSection
	GlobalSection(ProjectConfigurationPlatforms) = postSolution
		{4531D21B-8C45-4580-92C1-E65F5685E046}.Debug|Any CPU.ActiveCfg = Debug|Any CPU
		{4531D21B-8C45-4580-92C1-E65F5685E046}.Debug|Any CPU.Build.0 = Debug|Any CPU
		{4531D21B-8C45-4580-92C1-E65F5685E046}.Release|Any CPU.ActiveCfg = Release|Any CPU
		{4531D21B-8C45-4580-92C1-E65F5685E046}.Release|Any CPU.Build.0 = Release|Any CPU
		{A521E70F-4575-415A-AF38-CD08B32D7CAE}.Debug|Any CPU.ActiveCfg = Debug|Any CPU
		{A521E70F-4575-415A-AF38-CD08B32D7CAE}.Debug|Any CPU.Build.0 = Debug|Any CPU
		{A521E70F-4575-415A-AF38-CD08B32D7CAE}.Release|Any CPU.ActiveCfg = Release|Any CPU
		{A521E70F-4575-415A-AF38-CD08B32D7CAE}.Release|Any CPU.Build.0 = Release|Any CPU
		{A0DC3892-F716-4AD9-9E4C-16056D850BE9}.Debug|Any CPU.ActiveCfg = Debug|Any CPU
		{A0DC3892-F716-4AD9-9E4C-16056D850BE9}.Debug|Any CPU.Build.0 = Debug|Any CPU
		{A0DC3892-F716-4AD9-9E4C-16056D850BE9}.Release|Any CPU.ActiveCfg = Release|Any CPU
		{A0DC3892-F716-4AD9-9E4C-16056D850BE9}.Release|Any CPU.Build.0 = Release|Any CPU
		{855E32D5-448E-4437-8102-4BAAEF6ED136}.Debug|Any CPU.ActiveCfg = Debug|Any CPU
		{855E32D5-448E-4437-8102-4BAAEF6ED136}.Debug|Any CPU.Build.0 = Debug|Any CPU
		{855E32D5-448E-4437-8102-4BAAEF6ED136}.Release|Any CPU.ActiveCfg = Release|Any CPU
		{855E32D5-448E-4437-8102-4BAAEF6ED136}.Release|Any CPU.Build.0 = Release|Any CPU
		{1EA43189-1DE9-45CD-AA69-7A3BD1D7CD39}.Debug|Any CPU.ActiveCfg = Debug|Any CPU
		{1EA43189-1DE9-45CD-AA69-7A3BD1D7CD39}.Debug|Any CPU.Build.0 = Debug|Any CPU
		{1EA43189-1DE9-45CD-AA69-7A3BD1D7CD39}.Release|Any CPU.ActiveCfg = Release|Any CPU
		{1EA43189-1DE9-45CD-AA69-7A3BD1D7CD39}.Release|Any CPU.Build.0 = Release|Any CPU
		{58024F53-4AB7-4C3E-BBDF-13E9E13DD0A5}.Debug|Any CPU.ActiveCfg = Debug|Any CPU
		{58024F53-4AB7-4C3E-BBDF-13E9E13DD0A5}.Debug|Any CPU.Build.0 = Debug|Any CPU
		{58024F53-4AB7-4C3E-BBDF-13E9E13DD0A5}.Release|Any CPU.ActiveCfg = Release|Any CPU
		{58024F53-4AB7-4C3E-BBDF-13E9E13DD0A5}.Release|Any CPU.Build.0 = Release|Any CPU
	EndGlobalSection
	GlobalSection(NestedProjects) = preSolution
		{C5017DCB-81FC-4217-9400-83D187AFBDB3} = {A02A3CED-01B7-48D3-ACC3-A19411BEBC6D}
		{A521E70F-4575-415A-AF38-CD08B32D7CAE} = {C5017DCB-81FC-4217-9400-83D187AFBDB3}
		{673AD598-6938-4FB3-B11D-BB455DB7FDF1} = {A02A3CED-01B7-48D3-ACC3-A19411BEBC6D}
		{A0DC3892-F716-4AD9-9E4C-16056D850BE9} = {673AD598-6938-4FB3-B11D-BB455DB7FDF1}
		{855E32D5-448E-4437-8102-4BAAEF6ED136} = {673AD598-6938-4FB3-B11D-BB455DB7FDF1}
		{1EA43189-1DE9-45CD-AA69-7A3BD1D7CD39} = {673AD598-6938-4FB3-B11D-BB455DB7FDF1}
		{58024F53-4AB7-4C3E-BBDF-13E9E13DD0A5} = {673AD598-6938-4FB3-B11D-BB455DB7FDF1}
	EndGlobalSection
EndGlobal
