
Microsoft Visual Studio Solution File, Format Version 12.00
# Visual Studio Version 17
VisualStudioVersion = 17.0.31903.59
MinimumVisualStudioVersion = 10.0.40219.1
Project("{FAE04EC0-301F-11D3-BF4B-00C04F79EFBC}") = "SharedKernel", "SharedKernel\SharedKernel.csproj", "{AEAAD19C-DE00-4C85-8899-C53DA11AB065}"
EndProject
Project("{2150E333-8FDC-42A3-9474-1A3956D46DE8}") = "VendomaticApi", "VendomaticApi", "{25178AB2-4F6E-4DCD-8078-45500F87D057}"
EndProject
Project("{2150E333-8FDC-42A3-9474-1A3956D46DE8}") = "src", "src", "{0243CAE5-AC14-4F83-B474-1D7FBF1E019C}"
EndProject
Project("{FAE04EC0-301F-11D3-BF4B-00C04F79EFBC}") = "VendomaticApi", "VendomaticApi\src\VendomaticApi\VendomaticApi.csproj", "{4D3C1591-E9DA-4358-AEAD-992759EDAA9C}"
EndProject
Project("{2150E333-8FDC-42A3-9474-1A3956D46DE8}") = "tests", "tests", "{FE3FA056-EFCD-485B-9F7A-8CD7A783A886}"
EndProject
Project("{FAE04EC0-301F-11D3-BF4B-00C04F79EFBC}") = "VendomaticApi.IntegrationTests", "VendomaticApi\tests\VendomaticApi.IntegrationTests\VendomaticApi.IntegrationTests.csproj", "{017B92D1-3974-4407-8AE2-723F135A900E}"
EndProject
Project("{FAE04EC0-301F-11D3-BF4B-00C04F79EFBC}") = "VendomaticApi.FunctionalTests", "VendomaticApi\tests\VendomaticApi.FunctionalTests\VendomaticApi.FunctionalTests.csproj", "{7D7257B5-2AA1-4C9F-B364-81A607D678F9}"
EndProject
Project("{FAE04EC0-301F-11D3-BF4B-00C04F79EFBC}") = "VendomaticApi.SharedTestHelpers", "VendomaticApi\tests\VendomaticApi.SharedTestHelpers\VendomaticApi.SharedTestHelpers.csproj", "{9AEE3E51-6D37-46EB-9276-C151E3E15EC1}"
EndProject
Project("{FAE04EC0-301F-11D3-BF4B-00C04F79EFBC}") = "VendomaticApi.UnitTests", "VendomaticApi\tests\VendomaticApi.UnitTests\VendomaticApi.UnitTests.csproj", "{55138E90-7EA0-4DFC-9426-507D8611536F}"
EndProject
Global
	GlobalSection(SolutionConfigurationPlatforms) = preSolution
		Debug|Any CPU = Debug|Any CPU
		Release|Any CPU = Release|Any CPU
	EndGlobalSection
	GlobalSection(SolutionProperties) = preSolution
		HideSolutionNode = FALSE
	EndGlobalSection
	GlobalSection(ProjectConfigurationPlatforms) = postSolution
		{AEAAD19C-DE00-4C85-8899-C53DA11AB065}.Debug|Any CPU.ActiveCfg = Debug|Any CPU
		{AEAAD19C-DE00-4C85-8899-C53DA11AB065}.Debug|Any CPU.Build.0 = Debug|Any CPU
		{AEAAD19C-DE00-4C85-8899-C53DA11AB065}.Release|Any CPU.ActiveCfg = Release|Any CPU
		{AEAAD19C-DE00-4C85-8899-C53DA11AB065}.Release|Any CPU.Build.0 = Release|Any CPU
		{4D3C1591-E9DA-4358-AEAD-992759EDAA9C}.Debug|Any CPU.ActiveCfg = Debug|Any CPU
		{4D3C1591-E9DA-4358-AEAD-992759EDAA9C}.Debug|Any CPU.Build.0 = Debug|Any CPU
		{4D3C1591-E9DA-4358-AEAD-992759EDAA9C}.Release|Any CPU.ActiveCfg = Release|Any CPU
		{4D3C1591-E9DA-4358-AEAD-992759EDAA9C}.Release|Any CPU.Build.0 = Release|Any CPU
		{017B92D1-3974-4407-8AE2-723F135A900E}.Debug|Any CPU.ActiveCfg = Debug|Any CPU
		{017B92D1-3974-4407-8AE2-723F135A900E}.Debug|Any CPU.Build.0 = Debug|Any CPU
		{017B92D1-3974-4407-8AE2-723F135A900E}.Release|Any CPU.ActiveCfg = Release|Any CPU
		{017B92D1-3974-4407-8AE2-723F135A900E}.Release|Any CPU.Build.0 = Release|Any CPU
		{7D7257B5-2AA1-4C9F-B364-81A607D678F9}.Debug|Any CPU.ActiveCfg = Debug|Any CPU
		{7D7257B5-2AA1-4C9F-B364-81A607D678F9}.Debug|Any CPU.Build.0 = Debug|Any CPU
		{7D7257B5-2AA1-4C9F-B364-81A607D678F9}.Release|Any CPU.ActiveCfg = Release|Any CPU
		{7D7257B5-2AA1-4C9F-B364-81A607D678F9}.Release|Any CPU.Build.0 = Release|Any CPU
		{9AEE3E51-6D37-46EB-9276-C151E3E15EC1}.Debug|Any CPU.ActiveCfg = Debug|Any CPU
		{9AEE3E51-6D37-46EB-9276-C151E3E15EC1}.Debug|Any CPU.Build.0 = Debug|Any CPU
		{9AEE3E51-6D37-46EB-9276-C151E3E15EC1}.Release|Any CPU.ActiveCfg = Release|Any CPU
		{9AEE3E51-6D37-46EB-9276-C151E3E15EC1}.Release|Any CPU.Build.0 = Release|Any CPU
		{55138E90-7EA0-4DFC-9426-507D8611536F}.Debug|Any CPU.ActiveCfg = Debug|Any CPU
		{55138E90-7EA0-4DFC-9426-507D8611536F}.Debug|Any CPU.Build.0 = Debug|Any CPU
		{55138E90-7EA0-4DFC-9426-507D8611536F}.Release|Any CPU.ActiveCfg = Release|Any CPU
		{55138E90-7EA0-4DFC-9426-507D8611536F}.Release|Any CPU.Build.0 = Release|Any CPU
	EndGlobalSection
	GlobalSection(NestedProjects) = preSolution
		{0243CAE5-AC14-4F83-B474-1D7FBF1E019C} = {25178AB2-4F6E-4DCD-8078-45500F87D057}
		{4D3C1591-E9DA-4358-AEAD-992759EDAA9C} = {0243CAE5-AC14-4F83-B474-1D7FBF1E019C}
		{FE3FA056-EFCD-485B-9F7A-8CD7A783A886} = {25178AB2-4F6E-4DCD-8078-45500F87D057}
		{017B92D1-3974-4407-8AE2-723F135A900E} = {FE3FA056-EFCD-485B-9F7A-8CD7A783A886}
		{7D7257B5-2AA1-4C9F-B364-81A607D678F9} = {FE3FA056-EFCD-485B-9F7A-8CD7A783A886}
		{9AEE3E51-6D37-46EB-9276-C151E3E15EC1} = {FE3FA056-EFCD-485B-9F7A-8CD7A783A886}
		{55138E90-7EA0-4DFC-9426-507D8611536F} = {FE3FA056-EFCD-485B-9F7A-8CD7A783A886}
	EndGlobalSection
EndGlobal
