
Microsoft Visual Studio Solution File, Format Version 12.00
# Visual Studio Version 17
VisualStudioVersion = 17.0.31903.59
MinimumVisualStudioVersion = 10.0.40219.1
Project("{FAE04EC0-301F-11D3-BF4B-00C04F79EFBC}") = "SharedKernel", "SharedKernel\SharedKernel.csproj", "{1AC25154-94B2-4052-90AA-E45026CB9167}"
EndProject
Project("{2150E333-8FDC-42A3-9474-1A3956D46DE8}") = "VendomaticApi", "VendomaticApi", "{9458224A-5C83-4891-A93B-7A3316EE7971}"
EndProject
Project("{2150E333-8FDC-42A3-9474-1A3956D46DE8}") = "src", "src", "{861D0F83-8AE3-4AD3-B4D5-9E8807276D6D}"
EndProject
Project("{FAE04EC0-301F-11D3-BF4B-00C04F79EFBC}") = "VendomaticApi", "VendomaticApi\src\VendomaticApi\VendomaticApi.csproj", "{5C9B57B9-90BB-45ED-BA07-75ABC1A2C278}"
EndProject
Project("{2150E333-8FDC-42A3-9474-1A3956D46DE8}") = "tests", "tests", "{2EAD3D8B-A04D-4508-AD7E-58E84C6D668B}"
EndProject
Project("{FAE04EC0-301F-11D3-BF4B-00C04F79EFBC}") = "VendomaticApi.IntegrationTests", "VendomaticApi\tests\VendomaticApi.IntegrationTests\VendomaticApi.IntegrationTests.csproj", "{0C75377A-3A11-4651-A9F9-0D3B51345210}"
EndProject
Project("{FAE04EC0-301F-11D3-BF4B-00C04F79EFBC}") = "VendomaticApi.FunctionalTests", "VendomaticApi\tests\VendomaticApi.FunctionalTests\VendomaticApi.FunctionalTests.csproj", "{A138D9B7-9044-4F05-8FD6-9B8C05850F6C}"
EndProject
Project("{FAE04EC0-301F-11D3-BF4B-00C04F79EFBC}") = "VendomaticApi.SharedTestHelpers", "VendomaticApi\tests\VendomaticApi.SharedTestHelpers\VendomaticApi.SharedTestHelpers.csproj", "{CEAF261D-5085-47B1-AC69-01D974B3FCFC}"
EndProject
Project("{FAE04EC0-301F-11D3-BF4B-00C04F79EFBC}") = "VendomaticApi.UnitTests", "VendomaticApi\tests\VendomaticApi.UnitTests\VendomaticApi.UnitTests.csproj", "{5D051A18-165A-4E2B-92CA-DC686D878948}"
EndProject
Global
	GlobalSection(SolutionConfigurationPlatforms) = preSolution
		Debug|Any CPU = Debug|Any CPU
		Release|Any CPU = Release|Any CPU
	EndGlobalSection
	GlobalSection(SolutionProperties) = preSolution
		HideSolutionNode = FALSE
	EndGlobalSection
	GlobalSection(ProjectConfigurationPlatforms) = postSolution
		{1AC25154-94B2-4052-90AA-E45026CB9167}.Debug|Any CPU.ActiveCfg = Debug|Any CPU
		{1AC25154-94B2-4052-90AA-E45026CB9167}.Debug|Any CPU.Build.0 = Debug|Any CPU
		{1AC25154-94B2-4052-90AA-E45026CB9167}.Release|Any CPU.ActiveCfg = Release|Any CPU
		{1AC25154-94B2-4052-90AA-E45026CB9167}.Release|Any CPU.Build.0 = Release|Any CPU
		{5C9B57B9-90BB-45ED-BA07-75ABC1A2C278}.Debug|Any CPU.ActiveCfg = Debug|Any CPU
		{5C9B57B9-90BB-45ED-BA07-75ABC1A2C278}.Debug|Any CPU.Build.0 = Debug|Any CPU
		{5C9B57B9-90BB-45ED-BA07-75ABC1A2C278}.Release|Any CPU.ActiveCfg = Release|Any CPU
		{5C9B57B9-90BB-45ED-BA07-75ABC1A2C278}.Release|Any CPU.Build.0 = Release|Any CPU
		{0C75377A-3A11-4651-A9F9-0D3B51345210}.Debug|Any CPU.ActiveCfg = Debug|Any CPU
		{0C75377A-3A11-4651-A9F9-0D3B51345210}.Debug|Any CPU.Build.0 = Debug|Any CPU
		{0C75377A-3A11-4651-A9F9-0D3B51345210}.Release|Any CPU.ActiveCfg = Release|Any CPU
		{0C75377A-3A11-4651-A9F9-0D3B51345210}.Release|Any CPU.Build.0 = Release|Any CPU
		{A138D9B7-9044-4F05-8FD6-9B8C05850F6C}.Debug|Any CPU.ActiveCfg = Debug|Any CPU
		{A138D9B7-9044-4F05-8FD6-9B8C05850F6C}.Debug|Any CPU.Build.0 = Debug|Any CPU
		{A138D9B7-9044-4F05-8FD6-9B8C05850F6C}.Release|Any CPU.ActiveCfg = Release|Any CPU
		{A138D9B7-9044-4F05-8FD6-9B8C05850F6C}.Release|Any CPU.Build.0 = Release|Any CPU
		{CEAF261D-5085-47B1-AC69-01D974B3FCFC}.Debug|Any CPU.ActiveCfg = Debug|Any CPU
		{CEAF261D-5085-47B1-AC69-01D974B3FCFC}.Debug|Any CPU.Build.0 = Debug|Any CPU
		{CEAF261D-5085-47B1-AC69-01D974B3FCFC}.Release|Any CPU.ActiveCfg = Release|Any CPU
		{CEAF261D-5085-47B1-AC69-01D974B3FCFC}.Release|Any CPU.Build.0 = Release|Any CPU
		{5D051A18-165A-4E2B-92CA-DC686D878948}.Debug|Any CPU.ActiveCfg = Debug|Any CPU
		{5D051A18-165A-4E2B-92CA-DC686D878948}.Debug|Any CPU.Build.0 = Debug|Any CPU
		{5D051A18-165A-4E2B-92CA-DC686D878948}.Release|Any CPU.ActiveCfg = Release|Any CPU
		{5D051A18-165A-4E2B-92CA-DC686D878948}.Release|Any CPU.Build.0 = Release|Any CPU
	EndGlobalSection
	GlobalSection(NestedProjects) = preSolution
		{861D0F83-8AE3-4AD3-B4D5-9E8807276D6D} = {9458224A-5C83-4891-A93B-7A3316EE7971}
		{5C9B57B9-90BB-45ED-BA07-75ABC1A2C278} = {861D0F83-8AE3-4AD3-B4D5-9E8807276D6D}
		{2EAD3D8B-A04D-4508-AD7E-58E84C6D668B} = {9458224A-5C83-4891-A93B-7A3316EE7971}
		{0C75377A-3A11-4651-A9F9-0D3B51345210} = {2EAD3D8B-A04D-4508-AD7E-58E84C6D668B}
		{A138D9B7-9044-4F05-8FD6-9B8C05850F6C} = {2EAD3D8B-A04D-4508-AD7E-58E84C6D668B}
		{CEAF261D-5085-47B1-AC69-01D974B3FCFC} = {2EAD3D8B-A04D-4508-AD7E-58E84C6D668B}
		{5D051A18-165A-4E2B-92CA-DC686D878948} = {2EAD3D8B-A04D-4508-AD7E-58E84C6D668B}
	EndGlobalSection
EndGlobal
